
Microsoft Visual Studio Solution File, Format Version 12.00
# Visual Studio Version 17
VisualStudioVersion = 17.2.32519.379
MinimumVisualStudioVersion = 10.0.40219.1
Project("{9A19103F-16F7-4668-BE54-9A1E7A4F7556}") = "UseCases", "UseCases\UseCases.csproj", "{36E2B4BD-9CE2-4471-974A-E10EB27F9F45}"
EndProject
Project("{9A19103F-16F7-4668-BE54-9A1E7A4F7556}") = "CoreBusiness", "CoreBusiness\CoreBusiness.csproj", "{165EAF45-E3AB-4E49-AAC9-503CB0788464}"
EndProject
Project("{9A19103F-16F7-4668-BE54-9A1E7A4F7556}") = "Plugins.DataStore.InMemory", "Plugins.DataStore.InMemory\Plugins.DataStore.InMemory.csproj", "{454347D4-3EC0-45DF-A7D9-3A213D0FA8E6}"
EndProject
Project("{9A19103F-16F7-4668-BE54-9A1E7A4F7556}") = "WebApp", "WebApp\WebApp.csproj", "{E9D01C5E-4CF7-46A8-82D8-7B0719BB3F4F}"
EndProject
Project("{9A19103F-16F7-4668-BE54-9A1E7A4F7556}") = "Plugins.DataStore.SQL", "Plugins.DataStore.SQL\Plugins.DataStore.SQL.csproj", "{EACC63D1-DC6A-4134-890C-9B0DD8FD3957}"
EndProject
Global
	GlobalSection(SolutionConfigurationPlatforms) = preSolution
		Debug|Any CPU = Debug|Any CPU
		Release|Any CPU = Release|Any CPU
	EndGlobalSection
	GlobalSection(ProjectConfigurationPlatforms) = postSolution
		{36E2B4BD-9CE2-4471-974A-E10EB27F9F45}.Debug|Any CPU.ActiveCfg = Debug|Any CPU
		{36E2B4BD-9CE2-4471-974A-E10EB27F9F45}.Debug|Any CPU.Build.0 = Debug|Any CPU
		{36E2B4BD-9CE2-4471-974A-E10EB27F9F45}.Release|Any CPU.ActiveCfg = Release|Any CPU
		{36E2B4BD-9CE2-4471-974A-E10EB27F9F45}.Release|Any CPU.Build.0 = Release|Any CPU
		{165EAF45-E3AB-4E49-AAC9-503CB0788464}.Debug|Any CPU.ActiveCfg = Debug|Any CPU
		{165EAF45-E3AB-4E49-AAC9-503CB0788464}.Debug|Any CPU.Build.0 = Debug|Any CPU
		{165EAF45-E3AB-4E49-AAC9-503CB0788464}.Release|Any CPU.ActiveCfg = Release|Any CPU
		{165EAF45-E3AB-4E49-AAC9-503CB0788464}.Release|Any CPU.Build.0 = Release|Any CPU
		{454347D4-3EC0-45DF-A7D9-3A213D0FA8E6}.Debug|Any CPU.ActiveCfg = Debug|Any CPU
		{454347D4-3EC0-45DF-A7D9-3A213D0FA8E6}.Debug|Any CPU.Build.0 = Debug|Any CPU
		{454347D4-3EC0-45DF-A7D9-3A213D0FA8E6}.Release|Any CPU.ActiveCfg = Release|Any CPU
		{454347D4-3EC0-45DF-A7D9-3A213D0FA8E6}.Release|Any CPU.Build.0 = Release|Any CPU
		{E9D01C5E-4CF7-46A8-82D8-7B0719BB3F4F}.Debug|Any CPU.ActiveCfg = Debug|Any CPU
		{E9D01C5E-4CF7-46A8-82D8-7B0719BB3F4F}.Debug|Any CPU.Build.0 = Debug|Any CPU
		{E9D01C5E-4CF7-46A8-82D8-7B0719BB3F4F}.Release|Any CPU.ActiveCfg = Release|Any CPU
		{E9D01C5E-4CF7-46A8-82D8-7B0719BB3F4F}.Release|Any CPU.Build.0 = Release|Any CPU
		{EACC63D1-DC6A-4134-890C-9B0DD8FD3957}.Debug|Any CPU.ActiveCfg = Debug|Any CPU
		{EACC63D1-DC6A-4134-890C-9B0DD8FD3957}.Debug|Any CPU.Build.0 = Debug|Any CPU
		{EACC63D1-DC6A-4134-890C-9B0DD8FD3957}.Release|Any CPU.ActiveCfg = Release|Any CPU
		{EACC63D1-DC6A-4134-890C-9B0DD8FD3957}.Release|Any CPU.Build.0 = Release|Any CPU
	EndGlobalSection
	GlobalSection(SolutionProperties) = preSolution
		HideSolutionNode = FALSE
	EndGlobalSection
	GlobalSection(ExtensibilityGlobals) = postSolution
		SolutionGuid = {41FB3320-AC02-4C82-912E-1A36FAEF0BB4}
	EndGlobalSection
EndGlobal
